
Microsoft Visual Studio Solution File, Format Version 12.00
# Visual Studio Version 17
VisualStudioVersion = 17.7.33711.374
MinimumVisualStudioVersion = 10.0.40219.1
Project("{9A19103F-16F7-4668-BE54-9A1E7A4F7556}") = "GeneralBenchmark", "GeneralBenchmark\GeneralBenchmark.csproj", "{863EC21D-958D-4EBC-B497-1717EDA2C5BE}"
EndProject
Project("{9A19103F-16F7-4668-BE54-9A1E7A4F7556}") = "ReflectionBenchmark", "ReflectionBenchmark\ReflectionBenchmark.csproj", "{F6793FC1-98CC-4AB3-9032-84FA9D40415F}"
EndProject
Global
	GlobalSection(SolutionConfigurationPlatforms) = preSolution
		Debug|Any CPU = Debug|Any CPU
		Release|Any CPU = Release|Any CPU
	EndGlobalSection
	GlobalSection(ProjectConfigurationPlatforms) = postSolution
		{863EC21D-958D-4EBC-B497-1717EDA2C5BE}.Debug|Any CPU.ActiveCfg = Debug|Any CPU
		{863EC21D-958D-4EBC-B497-1717EDA2C5BE}.Debug|Any CPU.Build.0 = Debug|Any CPU
		{863EC21D-958D-4EBC-B497-1717EDA2C5BE}.Release|Any CPU.ActiveCfg = Release|Any CPU
		{863EC21D-958D-4EBC-B497-1717EDA2C5BE}.Release|Any CPU.Build.0 = Release|Any CPU
		{F6793FC1-98CC-4AB3-9032-84FA9D40415F}.Debug|Any CPU.ActiveCfg = Debug|Any CPU
		{F6793FC1-98CC-4AB3-9032-84FA9D40415F}.Debug|Any CPU.Build.0 = Debug|Any CPU
		{F6793FC1-98CC-4AB3-9032-84FA9D40415F}.Release|Any CPU.ActiveCfg = Release|Any CPU
		{F6793FC1-98CC-4AB3-9032-84FA9D40415F}.Release|Any CPU.Build.0 = Release|Any CPU
	EndGlobalSection
	GlobalSection(SolutionProperties) = preSolution
		HideSolutionNode = FALSE
	EndGlobalSection
	GlobalSection(ExtensibilityGlobals) = postSolution
		SolutionGuid = {463C10DA-4F62-4A5B-8B10-4DE6E4934C27}
	EndGlobalSection
EndGlobal
